
Microsoft Visual Studio Solution File, Format Version 12.00
# Visual Studio Version 17
VisualStudioVersion = 17.12.35707.178
MinimumVisualStudioVersion = 10.0.40219.1
Project("{2150E333-8FDC-42A3-9474-1A3956D46DE8}") = "Write your first code using C# (Get started with C#, Part 1)", "Write your first code using C# (Get started with C#, Part 1)", "{55CDE3B3-8436-4C4B-B276-F4E06B454638}"
EndProject
Project("{FAE04EC0-301F-11D3-BF4B-00C04F79EFBC}") = "Store and retrieve data using literal and variable values in C#", "Traning\Store and retrieve data using literal and variable values in C#.csproj", "{3E145377-ED0B-4C5A-9EE6-C2923C799D86}"
EndProject
Project("{FAE04EC0-301F-11D3-BF4B-00C04F79EFBC}") = "Perform basic string formatting in C#", "Write your first code using C# (Get started with C#, Part 1)\Perform basic string formatting in C#\Perform basic string formatting in C#.csproj", "{A3DD74F7-602A-4349-ABCE-D81CE56851D2}"
EndProject
Project("{FAE04EC0-301F-11D3-BF4B-00C04F79EFBC}") = "Perform basic operations on numbers in C#", "Write your first code using C# (Get started with C#, Part 1)\Perform basic operations on numbers in C#\Perform basic operations on numbers in C#.csproj", "{29C39EC9-4B7D-433D-8952-B737E6598B71}"
EndProject
Project("{FAE04EC0-301F-11D3-BF4B-00C04F79EFBC}") = "Guided project - Calculate and print student grades", "Write your first code using C# (Get started with C#, Part 1)\Guided project - Calculate and print student grades\Guided project - Calculate and print student grades.csproj", "{0773F6D9-2A04-4D8E-BE6D-C5BA33A04502}"
EndProject
Project("{FAE04EC0-301F-11D3-BF4B-00C04F79EFBC}") = "Guided project - Calculate final GPA", "Write your first code using C# (Get started with C#, Part 1)\Guided project - Calculate final GPA\Guided project - Calculate final GPA.csproj", "{7F1064FB-884B-4657-B8B1-5A9AE080772C}"
EndProject
Project("{FAE04EC0-301F-11D3-BF4B-00C04F79EFBC}") = "Call methods from the .NET Class Library using C#", "Create and run simple C# console applications (Get started with C#, Part 2)\Call methods from the .NET Class Library using C#\Call methods from the .NET Class Library using C#.csproj", "{4A5EB12C-B551-4395-8F50-AD7FC47B7D29}"
EndProject
Project("{FAE04EC0-301F-11D3-BF4B-00C04F79EFBC}") = "Add decision logic using `if`, `else`, and `else if`", "Create and run simple C# console applications (Get started with C#, Part 2)\Add decision logic using `if`, `else`, and `else if`\Add decision logic using `if`, `else`, and `else if`.csproj", "{B95EE56B-1EDE-4D8A-B595-F0A533755C0C}"
EndProject
Project("{2150E333-8FDC-42A3-9474-1A3956D46DE8}") = "Create and run simple C# console applications (Get started with C#, Part 2)", "Create and run simple C# console applications (Get started with C#, Part 2)", "{20E584BB-8912-4181-905D-4F23D90A23D2}"
EndProject
Project("{FAE04EC0-301F-11D3-BF4B-00C04F79EFBC}") = "Arrays and the foreach statement", "Create and run simple C# console applications (Get started with C#, Part 2)\Arrays and the foreach statement\Arrays and the foreach statement.csproj", "{A848435D-31E5-4747-9DA4-0880DB0DD895}"
EndProject
Global
	GlobalSection(SolutionConfigurationPlatforms) = preSolution
		Debug|Any CPU = Debug|Any CPU
		Release|Any CPU = Release|Any CPU
	EndGlobalSection
	GlobalSection(ProjectConfigurationPlatforms) = postSolution
		{3E145377-ED0B-4C5A-9EE6-C2923C799D86}.Debug|Any CPU.ActiveCfg = Debug|Any CPU
		{3E145377-ED0B-4C5A-9EE6-C2923C799D86}.Debug|Any CPU.Build.0 = Debug|Any CPU
		{3E145377-ED0B-4C5A-9EE6-C2923C799D86}.Release|Any CPU.ActiveCfg = Release|Any CPU
		{3E145377-ED0B-4C5A-9EE6-C2923C799D86}.Release|Any CPU.Build.0 = Release|Any CPU
		{A3DD74F7-602A-4349-ABCE-D81CE56851D2}.Debug|Any CPU.ActiveCfg = Debug|Any CPU
		{A3DD74F7-602A-4349-ABCE-D81CE56851D2}.Debug|Any CPU.Build.0 = Debug|Any CPU
		{A3DD74F7-602A-4349-ABCE-D81CE56851D2}.Release|Any CPU.ActiveCfg = Release|Any CPU
		{A3DD74F7-602A-4349-ABCE-D81CE56851D2}.Release|Any CPU.Build.0 = Release|Any CPU
		{29C39EC9-4B7D-433D-8952-B737E6598B71}.Debug|Any CPU.ActiveCfg = Debug|Any CPU
		{29C39EC9-4B7D-433D-8952-B737E6598B71}.Debug|Any CPU.Build.0 = Debug|Any CPU
		{29C39EC9-4B7D-433D-8952-B737E6598B71}.Release|Any CPU.ActiveCfg = Release|Any CPU
		{29C39EC9-4B7D-433D-8952-B737E6598B71}.Release|Any CPU.Build.0 = Release|Any CPU
		{0773F6D9-2A04-4D8E-BE6D-C5BA33A04502}.Debug|Any CPU.ActiveCfg = Debug|Any CPU
		{0773F6D9-2A04-4D8E-BE6D-C5BA33A04502}.Debug|Any CPU.Build.0 = Debug|Any CPU
		{0773F6D9-2A04-4D8E-BE6D-C5BA33A04502}.Release|Any CPU.ActiveCfg = Release|Any CPU
		{0773F6D9-2A04-4D8E-BE6D-C5BA33A04502}.Release|Any CPU.Build.0 = Release|Any CPU
		{7F1064FB-884B-4657-B8B1-5A9AE080772C}.Debug|Any CPU.ActiveCfg = Debug|Any CPU
		{7F1064FB-884B-4657-B8B1-5A9AE080772C}.Debug|Any CPU.Build.0 = Debug|Any CPU
		{7F1064FB-884B-4657-B8B1-5A9AE080772C}.Release|Any CPU.ActiveCfg = Release|Any CPU
		{7F1064FB-884B-4657-B8B1-5A9AE080772C}.Release|Any CPU.Build.0 = Release|Any CPU
		{4A5EB12C-B551-4395-8F50-AD7FC47B7D29}.Debug|Any CPU.ActiveCfg = Debug|Any CPU
		{4A5EB12C-B551-4395-8F50-AD7FC47B7D29}.Debug|Any CPU.Build.0 = Debug|Any CPU
		{4A5EB12C-B551-4395-8F50-AD7FC47B7D29}.Release|Any CPU.ActiveCfg = Release|Any CPU
		{4A5EB12C-B551-4395-8F50-AD7FC47B7D29}.Release|Any CPU.Build.0 = Release|Any CPU
		{B95EE56B-1EDE-4D8A-B595-F0A533755C0C}.Debug|Any CPU.ActiveCfg = Debug|Any CPU
		{B95EE56B-1EDE-4D8A-B595-F0A533755C0C}.Debug|Any CPU.Build.0 = Debug|Any CPU
		{B95EE56B-1EDE-4D8A-B595-F0A533755C0C}.Release|Any CPU.ActiveCfg = Release|Any CPU
		{B95EE56B-1EDE-4D8A-B595-F0A533755C0C}.Release|Any CPU.Build.0 = Release|Any CPU
		{A848435D-31E5-4747-9DA4-0880DB0DD895}.Debug|Any CPU.ActiveCfg = Debug|Any CPU
		{A848435D-31E5-4747-9DA4-0880DB0DD895}.Debug|Any CPU.Build.0 = Debug|Any CPU
		{A848435D-31E5-4747-9DA4-0880DB0DD895}.Release|Any CPU.ActiveCfg = Release|Any CPU
		{A848435D-31E5-4747-9DA4-0880DB0DD895}.Release|Any CPU.Build.0 = Release|Any CPU
	EndGlobalSection
	GlobalSection(SolutionProperties) = preSolution
		HideSolutionNode = FALSE
	EndGlobalSection
	GlobalSection(NestedProjects) = preSolution
		{3E145377-ED0B-4C5A-9EE6-C2923C799D86} = {55CDE3B3-8436-4C4B-B276-F4E06B454638}
		{A3DD74F7-602A-4349-ABCE-D81CE56851D2} = {55CDE3B3-8436-4C4B-B276-F4E06B454638}
		{29C39EC9-4B7D-433D-8952-B737E6598B71} = {55CDE3B3-8436-4C4B-B276-F4E06B454638}
		{0773F6D9-2A04-4D8E-BE6D-C5BA33A04502} = {55CDE3B3-8436-4C4B-B276-F4E06B454638}
		{7F1064FB-884B-4657-B8B1-5A9AE080772C} = {55CDE3B3-8436-4C4B-B276-F4E06B454638}
		{4A5EB12C-B551-4395-8F50-AD7FC47B7D29} = {20E584BB-8912-4181-905D-4F23D90A23D2}
		{B95EE56B-1EDE-4D8A-B595-F0A533755C0C} = {20E584BB-8912-4181-905D-4F23D90A23D2}
		{A848435D-31E5-4747-9DA4-0880DB0DD895} = {20E584BB-8912-4181-905D-4F23D90A23D2}
	EndGlobalSection
EndGlobal
